
Microsoft Visual Studio Solution File, Format Version 12.00
# Visual Studio Version 16
VisualStudioVersion = 16.0.30225.117
MinimumVisualStudioVersion = 10.0.40219.1
Project("{FAE04EC0-301F-11D3-BF4B-00C04F79EFBC}") = "TaggunTest", "TaggunTest\TaggunTest.csproj", "{1E4E41EF-47AA-4B6F-A94D-B68AF6A1F76D}"
EndProject
Global
	GlobalSection(SolutionConfigurationPlatforms) = preSolution
		Debug|Any CPU = Debug|Any CPU
		Release|Any CPU = Release|Any CPU
	EndGlobalSection
	GlobalSection(ProjectConfigurationPlatforms) = postSolution
		{1E4E41EF-47AA-4B6F-A94D-B68AF6A1F76D}.Debug|Any CPU.ActiveCfg = Debug|Any CPU
		{1E4E41EF-47AA-4B6F-A94D-B68AF6A1F76D}.Debug|Any CPU.Build.0 = Debug|Any CPU
		{1E4E41EF-47AA-4B6F-A94D-B68AF6A1F76D}.Release|Any CPU.ActiveCfg = Release|Any CPU
		{1E4E41EF-47AA-4B6F-A94D-B68AF6A1F76D}.Release|Any CPU.Build.0 = Release|Any CPU
	EndGlobalSection
	GlobalSection(SolutionProperties) = preSolution
		HideSolutionNode = FALSE
	EndGlobalSection
	GlobalSection(ExtensibilityGlobals) = postSolution
		SolutionGuid = {3CEE263E-3E38-4A6F-B8B3-B417FDF7C5C5}
	EndGlobalSection
EndGlobal
